// !$*UTF8*$!
{
	archiveVersion = 1;
	classes = {
	};
	objectVersion = 63;
	objects = {

/* Begin PBXBuildFile section */
		044471AE066DE7D5F780F0F5 /* FirebaseFirestoreSwift in Frameworks */ = {isa = PBXBuildFile; productRef = E498B2E82B02AB6C5E43F247 /* FirebaseFirestoreSwift */; };
		0F5C36585E6886BB59AE6EEA /* SwiftUIView.swift in Sources */ = {isa = PBXBuildFile; fileRef = 81D43A40F76D668ADB2009A6 /* SwiftUIView.swift */; };
		275ECD1D6F1976DB70FB9366 /* ResortCard.swift in Sources */ = {isa = PBXBuildFile; fileRef = 65C86F9BD4ECBCE06DECA87A /* ResortCard.swift */; };
		33B32EE6C58452D05D143199 /* ResortView.swift in Sources */ = {isa = PBXBuildFile; fileRef = 94D524586314A7C1C2DF35F9 /* ResortView.swift */; };
		3E8A7A92D8DF48570EE59424 /* HomeView.swift in Sources */ = {isa = PBXBuildFile; fileRef = DD82E523C8D495AFCC3DF49F /* HomeView.swift */; };
		3FA9116479585930D09F4CE7 /* HomeView.swift in Sources */ = {isa = PBXBuildFile; fileRef = DD82E523C8D495AFCC3DF49F /* HomeView.swift */; };
		43920E3A6596940C4955ADCD /* Info.plist in Resources */ = {isa = PBXBuildFile; fileRef = 3B8E8C7C007156F35AEA1804 /* Info.plist */; };
		467FA915ABED76D9C7D92D56 /* FirebaseFirestoreSwift in Frameworks */ = {isa = PBXBuildFile; productRef = B60B9551B4DE8628D302FAD1 /* FirebaseFirestoreSwift */; };
		48F8F369E9248145953E3B0D /* FirebaseFirestore in Frameworks */ = {isa = PBXBuildFile; productRef = 87F3743F491F2A9EC88FD4A9 /* FirebaseFirestore */; };
		496008F26D064F17F668DB73 /* CategoriesView.swift in Sources */ = {isa = PBXBuildFile; fileRef = 065680703F2A02C498798C2B /* CategoriesView.swift */; };
		49B143682D575EB9D6795407 /* ResortList.swift in Sources */ = {isa = PBXBuildFile; fileRef = 0C7EDAD2040B69C175B1E2FD /* ResortList.swift */; };
		4BC2DE4943FE8C0D4A6A1070 /* ContentView.swift in Sources */ = {isa = PBXBuildFile; fileRef = C40D80A15F90B3079F8EBDB7 /* ContentView.swift */; };
		4E373D46E992FDA47E72FF9F /* ViewModel.swift in Sources */ = {isa = PBXBuildFile; fileRef = CB66AB4273C98477EB5A5C30 /* ViewModel.swift */; };
		4EC936BCA867088030B319E2 /* SwiftUIView.swift in Sources */ = {isa = PBXBuildFile; fileRef = 81D43A40F76D668ADB2009A6 /* SwiftUIView.swift */; };
		524AECDD79310F58BFAEFB72 /* CategoryView.swift in Sources */ = {isa = PBXBuildFile; fileRef = 5BD615478AAEFF1C6AC2E340 /* CategoryView.swift */; };
		5D815C55B433994657ECFFF3 /* FirebaseAnalytics in Frameworks */ = {isa = PBXBuildFile; productRef = 32DF541CEB0CD5E42700F2D2 /* FirebaseAnalytics */; };
		68DD03A055CB45F5832B7960 /* ResortBrowserApp.swift in Sources */ = {isa = PBXBuildFile; fileRef = D252EF0E5BB346C77DBAE6F2 /* ResortBrowserApp.swift */; };
		6A238BD2C54FE98BEE5A8D88 /* ResortBrowserApp.swift in Sources */ = {isa = PBXBuildFile; fileRef = D252EF0E5BB346C77DBAE6F2 /* ResortBrowserApp.swift */; };
		6E686A1C2F5F634B00EACED9 /* GoogleService-Info.plist in Resources */ = {isa = PBXBuildFile; fileRef = 6E686A1B2F5F627C00EACED9 /* GoogleService-Info.plist */; };
		6E686A1D2F5F634B00EACED9 /* GoogleService-Info.plist in Resources */ = {isa = PBXBuildFile; fileRef = 6E686A1B2F5F627C00EACED9 /* GoogleService-Info.plist */; };
		7C771EC4AAD765F282475C66 /* TabBar.swift in Sources */ = {isa = PBXBuildFile; fileRef = 12FF8EA5F3C58E1926984BEB /* TabBar.swift */; };
		881DB4F11CB05F36D941BD8E /* ResortCard.swift in Sources */ = {isa = PBXBuildFile; fileRef = 65C86F9BD4ECBCE06DECA87A /* ResortCard.swift */; };
		8AF433FC33C3D89EF4001CCB /* Resorts.swift in Sources */ = {isa = PBXBuildFile; fileRef = 9F236E1A0C3E6A01DE289FFC /* Resorts.swift */; };
		8D9DB11CE5B36A7AF5E25C99 /* FavoritesView.swift in Sources */ = {isa = PBXBuildFile; fileRef = 35D92C4A0BF3F849D6714918 /* FavoritesView.swift */; };
		9A1640F18150AC5DE328410B /* FirebaseDatabase in Frameworks */ = {isa = PBXBuildFile; productRef = 3213001D823344B0B72F5660 /* FirebaseDatabase */; };
		9A7183F754020BEB055ED785 /* CategoriesView.swift in Sources */ = {isa = PBXBuildFile; fileRef = 065680703F2A02C498798C2B /* CategoriesView.swift */; };
		9BD7F4D621E621B990DB4FBA /* Resorts.swift in Sources */ = {isa = PBXBuildFile; fileRef = 9F236E1A0C3E6A01DE289FFC /* Resorts.swift */; };
		A1C83D5A4C4123020CA71863 /* CategoryView.swift in Sources */ = {isa = PBXBuildFile; fileRef = 5BD615478AAEFF1C6AC2E340 /* CategoryView.swift */; };
		ACF1241603AA3446EDF7382D /* ContentView.swift in Sources */ = {isa = PBXBuildFile; fileRef = C40D80A15F90B3079F8EBDB7 /* ContentView.swift */; };
		B0DB989AE547C30E9CB18185 /* AboutUsView.swift in Sources */ = {isa = PBXBuildFile; fileRef = 58E4D4669291F1C35F9947E4 /* AboutUsView.swift */; };
		C42E67465573EA57382A96AC /* AboutUsView.swift in Sources */ = {isa = PBXBuildFile; fileRef = 58E4D4669291F1C35F9947E4 /* AboutUsView.swift */; };
		C8679B8E43079A986FB90B92 /* FirebaseDatabase in Frameworks */ = {isa = PBXBuildFile; productRef = 745A00443D186607596BDFCB /* FirebaseDatabase */; };
		D47B1D20F45B4500A2E41250 /* macOS-Info.plist in Resources */ = {isa = PBXBuildFile; fileRef = 1031949077BF06A4E9B4BFE6 /* macOS-Info.plist */; };
		D614C3753FA2468C2AAF9052 /* ResortView.swift in Sources */ = {isa = PBXBuildFile; fileRef = 94D524586314A7C1C2DF35F9 /* ResortView.swift */; };
		D9B3ED5F24BFE79DDE5A1148 /* FirebaseFirestore in Frameworks */ = {isa = PBXBuildFile; productRef = C731F51270DEC7AF1688DD21 /* FirebaseFirestore */; };
		DF9892106137A69AB339B44A /* FavoritesView.swift in Sources */ = {isa = PBXBuildFile; fileRef = 35D92C4A0BF3F849D6714918 /* FavoritesView.swift */; };
		E12D672DB4CE7569DE112ED3 /* ResortList.swift in Sources */ = {isa = PBXBuildFile; fileRef = 0C7EDAD2040B69C175B1E2FD /* ResortList.swift */; };
		E3E6E8F394C2C397F42A365D /* ViewModel.swift in Sources */ = {isa = PBXBuildFile; fileRef = CB66AB4273C98477EB5A5C30 /* ViewModel.swift */; };
		F19447B08E014F111DF98834 /* SettingsView.swift in Sources */ = {isa = PBXBuildFile; fileRef = 9BF7A3A425D7D6ABE90E4032 /* SettingsView.swift */; };
		F43AA1BDECD593AC870B0BF8 /* SettingsView.swift in Sources */ = {isa = PBXBuildFile; fileRef = 9BF7A3A425D7D6ABE90E4032 /* SettingsView.swift */; };
		FEAF76B7678F86FA02663C93 /* TabBar.swift in Sources */ = {isa = PBXBuildFile; fileRef = 12FF8EA5F3C58E1926984BEB /* TabBar.swift */; };
		AA11223344556677AABBCCDD /* Assets.xcassets in Resources */ = {isa = PBXBuildFile; fileRef = AA11223344556677AABBCC00 /* Assets.xcassets */; };
		BB11223344556677AABBCCDD /* Assets.xcassets in Resources */ = {isa = PBXBuildFile; fileRef = AA11223344556677AABBCC00 /* Assets.xcassets */; };
/* End PBXBuildFile section */

/* Begin PBXFileReference section */
		065680703F2A02C498798C2B /* CategoriesView.swift */ = {isa = PBXFileReference; lastKnownFileType = sourcecode.swift; path = CategoriesView.swift; sourceTree = "<group>"; };
		0C7EDAD2040B69C175B1E2FD /* ResortList.swift */ = {isa = PBXFileReference; lastKnownFileType = sourcecode.swift; path = ResortList.swift; sourceTree = "<group>"; };
		1031949077BF06A4E9B4BFE6 /* macOS-Info.plist */ = {isa = PBXFileReference; lastKnownFileType = text.plist; path = "macOS-Info.plist"; sourceTree = "<group>"; };
		12FF8EA5F3C58E1926984BEB /* TabBar.swift */ = {isa = PBXFileReference; lastKnownFileType = sourcecode.swift; path = TabBar.swift; sourceTree = "<group>"; };
		35D92C4A0BF3F849D6714918 /* FavoritesView.swift */ = {isa = PBXFileReference; lastKnownFileType = sourcecode.swift; path = FavoritesView.swift; sourceTree = "<group>"; };
		3B8E8C7C007156F35AEA1804 /* Info.plist */ = {isa = PBXFileReference; lastKnownFileType = text.plist; path = Info.plist; sourceTree = "<group>"; };
		58E4D4669291F1C35F9947E4 /* AboutUsView.swift */ = {isa = PBXFileReference; lastKnownFileType = sourcecode.swift; path = AboutUsView.swift; sourceTree = "<group>"; };
		5BD615478AAEFF1C6AC2E340 /* CategoryView.swift */ = {isa = PBXFileReference; lastKnownFileType = sourcecode.swift; path = CategoryView.swift; sourceTree = "<group>"; };
		5C8F1B04A8183C7A7A3C0CD4 /* ResortBrowserMac.app */ = {isa = PBXFileReference; explicitFileType = wrapper.application; includeInIndex = 0; path = ResortBrowserMac.app; sourceTree = BUILT_PRODUCTS_DIR; };
		65C86F9BD4ECBCE06DECA87A /* ResortCard.swift */ = {isa = PBXFileReference; lastKnownFileType = sourcecode.swift; path = ResortCard.swift; sourceTree = "<group>"; };
		6E686A1B2F5F627C00EACED9 /* GoogleService-Info.plist */ = {isa = PBXFileReference; lastKnownFileType = text.plist.xml; path = "GoogleService-Info.plist"; sourceTree = "<group>"; };
		81D43A40F76D668ADB2009A6 /* SwiftUIView.swift */ = {isa = PBXFileReference; lastKnownFileType = sourcecode.swift; path = SwiftUIView.swift; sourceTree = "<group>"; };
		8455C3B8BEF068944A7330E2 /* ResortBrowser.app */ = {isa = PBXFileReference; explicitFileType = wrapper.application; includeInIndex = 0; path = ResortBrowser.app; sourceTree = BUILT_PRODUCTS_DIR; };
		94D524586314A7C1C2DF35F9 /* ResortView.swift */ = {isa = PBXFileReference; lastKnownFileType = sourcecode.swift; path = ResortView.swift; sourceTree = "<group>"; };
		9BF7A3A425D7D6ABE90E4032 /* SettingsView.swift */ = {isa = PBXFileReference; lastKnownFileType = sourcecode.swift; path = SettingsView.swift; sourceTree = "<group>"; };
		9F236E1A0C3E6A01DE289FFC /* Resorts.swift */ = {isa = PBXFileReference; lastKnownFileType = sourcecode.swift; path = Resorts.swift; sourceTree = "<group>"; };
		C40D80A15F90B3079F8EBDB7 /* ContentView.swift */ = {isa = PBXFileReference; lastKnownFileType = sourcecode.swift; path = ContentView.swift; sourceTree = "<group>"; };
		CB66AB4273C98477EB5A5C30 /* ViewModel.swift */ = {isa = PBXFileReference; lastKnownFileType = sourcecode.swift; path = ViewModel.swift; sourceTree = "<group>"; };
		D252EF0E5BB346C77DBAE6F2 /* ResortBrowserApp.swift */ = {isa = PBXFileReference; lastKnownFileType = sourcecode.swift; path = ResortBrowserApp.swift; sourceTree = "<group>"; };
		DD82E523C8D495AFCC3DF49F /* HomeView.swift */ = {isa = PBXFileReference; lastKnownFileType = sourcecode.swift; path = HomeView.swift; sourceTree = "<group>"; };
		AA11223344556677AABBCC00 /* Assets.xcassets */ = {isa = PBXFileReference; lastKnownFileType = folder.assetcatalog; path = Assets.xcassets; sourceTree = "<group>"; };
/* End PBXFileReference section */

/* Begin PBXFrameworksBuildPhase section */
		2BEABEDF19EEE777425FBF79 /* Frameworks */ = {
			isa = PBXFrameworksBuildPhase;
			buildActionMask = 2147483647;
			files = (
				C8679B8E43079A986FB90B92 /* FirebaseDatabase in Frameworks */,
				48F8F369E9248145953E3B0D /* FirebaseFirestore in Frameworks */,
				044471AE066DE7D5F780F0F5 /* FirebaseFirestoreSwift in Frameworks */,
			);
			runOnlyForDeploymentPostprocessing = 0;
		};
		7F858C0B8B9ADBAD1F061C23 /* Frameworks */ = {
			isa = PBXFrameworksBuildPhase;
			buildActionMask = 2147483647;
			files = (
				9A1640F18150AC5DE328410B /* FirebaseDatabase in Frameworks */,
				D9B3ED5F24BFE79DDE5A1148 /* FirebaseFirestore in Frameworks */,
				467FA915ABED76D9C7D92D56 /* FirebaseFirestoreSwift in Frameworks */,
				5D815C55B433994657ECFFF3 /* FirebaseAnalytics in Frameworks */,
			);
			runOnlyForDeploymentPostprocessing = 0;
		};
/* End PBXFrameworksBuildPhase section */

/* Begin PBXGroup section */
		1EC4412A203E94DCA2BB7D25 /* Components */ = {
			isa = PBXGroup;
			children = (
				65C86F9BD4ECBCE06DECA87A /* ResortCard.swift */,
				0C7EDAD2040B69C175B1E2FD /* ResortList.swift */,
			);
			path = Components;
			sourceTree = "<group>";
		};
		257D3ADA9CFB9E954A83D4BC /* Products */ = {
			isa = PBXGroup;
			children = (
				8455C3B8BEF068944A7330E2 /* ResortBrowser.app */,
				5C8F1B04A8183C7A7A3C0CD4 /* ResortBrowserMac.app */,
			);
			name = Products;
			sourceTree = "<group>";
		};
		4D4EB6E948AC8AB75C2BCFD5 = {
			isa = PBXGroup;
			children = (
				6E686A1B2F5F627C00EACED9 /* GoogleService-Info.plist */,
				AD18366C68A182B813B457E2 /* ResortBrowser */,
				257D3ADA9CFB9E954A83D4BC /* Products */,
			);
			sourceTree = "<group>";
		};
		4DF44B5E96E7CF828869DDFE /* Detail */ = {
			isa = PBXGroup;
			children = (
				5BD615478AAEFF1C6AC2E340 /* CategoryView.swift */,
				94D524586314A7C1C2DF35F9 /* ResortView.swift */,
				81D43A40F76D668ADB2009A6 /* SwiftUIView.swift */,
			);
			path = Detail;
			sourceTree = "<group>";
		};
		71C190D259AA389CCCED9CB4 /* Main */ = {
			isa = PBXGroup;
			children = (
				1EC4412A203E94DCA2BB7D25 /* Components */,
				4DF44B5E96E7CF828869DDFE /* Detail */,
				B25EE2253170D258448BA630 /* ViewModels */,
				CFC030DE283E437F518D1EC0 /* Views */,
			);
			path = Main;
			sourceTree = "<group>";
		};
		AD18366C68A182B813B457E2 /* ResortBrowser */ = {
			isa = PBXGroup;
			children = (
				AA11223344556677AABBCC00 /* Assets.xcassets */,
				3B8E8C7C007156F35AEA1804 /* Info.plist */,
				1031949077BF06A4E9B4BFE6 /* macOS-Info.plist */,
				D252EF0E5BB346C77DBAE6F2 /* ResortBrowserApp.swift */,
				71C190D259AA389CCCED9CB4 /* Main */,
				E805892867DF70622E7393C1 /* Modles */,
			);
			path = ResortBrowser;
			sourceTree = "<group>";
		};
		B25EE2253170D258448BA630 /* ViewModels */ = {
			isa = PBXGroup;
			children = (
				CB66AB4273C98477EB5A5C30 /* ViewModel.swift */,
			);
			path = ViewModels;
			sourceTree = "<group>";
		};
		CFC030DE283E437F518D1EC0 /* Views */ = {
			isa = PBXGroup;
			children = (
				58E4D4669291F1C35F9947E4 /* AboutUsView.swift */,
				065680703F2A02C498798C2B /* CategoriesView.swift */,
				C40D80A15F90B3079F8EBDB7 /* ContentView.swift */,
				35D92C4A0BF3F849D6714918 /* FavoritesView.swift */,
				DD82E523C8D495AFCC3DF49F /* HomeView.swift */,
				9BF7A3A425D7D6ABE90E4032 /* SettingsView.swift */,
				12FF8EA5F3C58E1926984BEB /* TabBar.swift */,
			);
			path = Views;
			sourceTree = "<group>";
		};
		E805892867DF70622E7393C1 /* Modles */ = {
			isa = PBXGroup;
			children = (
				9F236E1A0C3E6A01DE289FFC /* Resorts.swift */,
			);
			path = Modles;
			sourceTree = "<group>";
		};
/* End PBXGroup section */

/* Begin PBXNativeTarget section */
		8AEBA67A852506DAD99B6CCD /* ResortBrowser */ = {
			isa = PBXNativeTarget;
			buildConfigurationList = 15BC28A506EA1226F73C9657 /* Build configuration list for PBXNativeTarget "ResortBrowser" */;
			buildPhases = (
				523E668BB3346183E011EB11 /* Sources */,
				A547FEE0BC4A85339CD59496 /* Resources */,
				7F858C0B8B9ADBAD1F061C23 /* Frameworks */,
			);
			buildRules = (
			);
			dependencies = (
			);
			name = ResortBrowser;
			packageProductDependencies = (
				3213001D823344B0B72F5660 /* FirebaseDatabase */,
				C731F51270DEC7AF1688DD21 /* FirebaseFirestore */,
				B60B9551B4DE8628D302FAD1 /* FirebaseFirestoreSwift */,
				32DF541CEB0CD5E42700F2D2 /* FirebaseAnalytics */,
			);
			productName = ResortBrowser;
			productReference = 8455C3B8BEF068944A7330E2 /* ResortBrowser.app */;
			productType = "com.apple.product-type.application";
		};
		8CD90913486F7546A2F3949C /* ResortBrowserMac */ = {
			isa = PBXNativeTarget;
			buildConfigurationList = 199FC5B2EB3D1C4F562A2434 /* Build configuration list for PBXNativeTarget "ResortBrowserMac" */;
			buildPhases = (
				8889AACAA561BA7B1A60B764 /* Sources */,
				706170885B169A4778290C0B /* Resources */,
				2BEABEDF19EEE777425FBF79 /* Frameworks */,
			);
			buildRules = (
			);
			dependencies = (
			);
			name = ResortBrowserMac;
			packageProductDependencies = (
				745A00443D186607596BDFCB /* FirebaseDatabase */,
				87F3743F491F2A9EC88FD4A9 /* FirebaseFirestore */,
				E498B2E82B02AB6C5E43F247 /* FirebaseFirestoreSwift */,
			);
			productName = ResortBrowserMac;
			productReference = 5C8F1B04A8183C7A7A3C0CD4 /* ResortBrowserMac.app */;
			productType = "com.apple.product-type.application";
		};
/* End PBXNativeTarget section */

/* Begin PBXProject section */
		23D347512D856C098585C3C8 /* Project object */ = {
			isa = PBXProject;
			attributes = {
				BuildIndependentTargetsInParallel = YES;
				LastUpgradeCheck = 2640;
				TargetAttributes = {
					8AEBA67A852506DAD99B6CCD = {
						ProvisioningStyle = Automatic;
					};
					8CD90913486F7546A2F3949C = {
						DevelopmentTeam = 4PDB3TQD2G;
						ProvisioningStyle = Automatic;
					};
				};
			};
			buildConfigurationList = F644472943DAD01C76EE85F1 /* Build configuration list for PBXProject "ResortBrowser" */;
			compatibilityVersion = "Xcode 14.0";
			developmentRegion = en;
			hasScannedForEncodings = 0;
			knownRegions = (
				Base,
				en,
			);
			mainGroup = 4D4EB6E948AC8AB75C2BCFD5;
			minimizedProjectReferenceProxies = 1;
			packageReferences = (
				3A24F24A6D792758B17EE3D8 /* XCRemoteSwiftPackageReference "firebase-ios-sdk" */,
			);
			projectDirPath = "";
			projectRoot = "";
			targets = (
				8AEBA67A852506DAD99B6CCD /* ResortBrowser */,
				8CD90913486F7546A2F3949C /* ResortBrowserMac */,
			);
		};
/* End PBXProject section */

/* Begin PBXResourcesBuildPhase section */
		706170885B169A4778290C0B /* Resources */ = {
			isa = PBXResourcesBuildPhase;
			buildActionMask = 2147483647;
			files = (
				BB11223344556677AABBCCDD /* Assets.xcassets in Resources */,
				43920E3A6596940C4955ADCD /* Info.plist in Resources */,
				6E686A1D2F5F634B00EACED9 /* GoogleService-Info.plist in Resources */,
			);
			runOnlyForDeploymentPostprocessing = 0;
		};
		A547FEE0BC4A85339CD59496 /* Resources */ = {
			isa = PBXResourcesBuildPhase;
			buildActionMask = 2147483647;
			files = (
				AA11223344556677AABBCCDD /* Assets.xcassets in Resources */,
				D47B1D20F45B4500A2E41250 /* macOS-Info.plist in Resources */,
				6E686A1C2F5F634B00EACED9 /* GoogleService-Info.plist in Resources */,
			);
			runOnlyForDeploymentPostprocessing = 0;
		};
/* End PBXResourcesBuildPhase section */

/* Begin PBXSourcesBuildPhase section */
		523E668BB3346183E011EB11 /* Sources */ = {
			isa = PBXSourcesBuildPhase;
			buildActionMask = 2147483647;
			files = (
				B0DB989AE547C30E9CB18185 /* AboutUsView.swift in Sources */,
				9A7183F754020BEB055ED785 /* CategoriesView.swift in Sources */,
				524AECDD79310F58BFAEFB72 /* CategoryView.swift in Sources */,
				4BC2DE4943FE8C0D4A6A1070 /* ContentView.swift in Sources */,
				DF9892106137A69AB339B44A /* FavoritesView.swift in Sources */,
				3FA9116479585930D09F4CE7 /* HomeView.swift in Sources */,
				68DD03A055CB45F5832B7960 /* ResortBrowserApp.swift in Sources */,
				275ECD1D6F1976DB70FB9366 /* ResortCard.swift in Sources */,
				49B143682D575EB9D6795407 /* ResortList.swift in Sources */,
				D614C3753FA2468C2AAF9052 /* ResortView.swift in Sources */,
				9BD7F4D621E621B990DB4FBA /* Resorts.swift in Sources */,
				F19447B08E014F111DF98834 /* SettingsView.swift in Sources */,
				0F5C36585E6886BB59AE6EEA /* SwiftUIView.swift in Sources */,
				FEAF76B7678F86FA02663C93 /* TabBar.swift in Sources */,
				4E373D46E992FDA47E72FF9F /* ViewModel.swift in Sources */,
			);
			runOnlyForDeploymentPostprocessing = 0;
		};
		8889AACAA561BA7B1A60B764 /* Sources */ = {
			isa = PBXSourcesBuildPhase;
			buildActionMask = 2147483647;
			files = (
				C42E67465573EA57382A96AC /* AboutUsView.swift in Sources */,
				496008F26D064F17F668DB73 /* CategoriesView.swift in Sources */,
				A1C83D5A4C4123020CA71863 /* CategoryView.swift in Sources */,
				ACF1241603AA3446EDF7382D /* ContentView.swift in Sources */,
				8D9DB11CE5B36A7AF5E25C99 /* FavoritesView.swift in Sources */,
				3E8A7A92D8DF48570EE59424 /* HomeView.swift in Sources */,
				6A238BD2C54FE98BEE5A8D88 /* ResortBrowserApp.swift in Sources */,
				881DB4F11CB05F36D941BD8E /* ResortCard.swift in Sources */,
				E12D672DB4CE7569DE112ED3 /* ResortList.swift in Sources */,
				33B32EE6C58452D05D143199 /* ResortView.swift in Sources */,
				8AF433FC33C3D89EF4001CCB /* Resorts.swift in Sources */,
				F43AA1BDECD593AC870B0BF8 /* SettingsView.swift in Sources */,
				4EC936BCA867088030B319E2 /* SwiftUIView.swift in Sources */,
				7C771EC4AAD765F282475C66 /* TabBar.swift in Sources */,
				E3E6E8F394C2C397F42A365D /* ViewModel.swift in Sources */,
			);
			runOnlyForDeploymentPostprocessing = 0;
		};
/* End PBXSourcesBuildPhase section */

/* Begin XCBuildConfiguration section */
		2BD6AC971E23820C32E90911 /* Release */ = {
			isa = XCBuildConfiguration;
			buildSettings = {
				ASSETCATALOG_COMPILER_APPICON_NAME = AppIcon;
				CODE_SIGN_STYLE = Automatic;
				COMBINE_HIDPI_IMAGES = YES;
				CURRENT_PROJECT_VERSION = 1;
				DEAD_CODE_STRIPPING = YES;
				DEVELOPMENT_TEAM = 4PDB3TQD2G;
				INFOPLIST_FILE = "ResortBrowser/macOS-Info.plist";
				LD_RUNPATH_SEARCH_PATHS = (
					"$(inherited)",
					"@executable_path/../Frameworks",
				);
				MACOSX_DEPLOYMENT_TARGET = 13.0;
				MARKETING_VERSION = 1.0;
				PRODUCT_BUNDLE_IDENTIFIER = com.jamesbaker.ResortBrowserMac;
				SDKROOT = macosx;
				SWIFT_VERSION = 5.0;
			};
			name = Release;
		};
		67BE518097A885025A0D50E1 /* Debug */ = {
			isa = XCBuildConfiguration;
			buildSettings = {
				ASSETCATALOG_COMPILER_APPICON_NAME = AppIcon;
				CODE_SIGN_STYLE = Automatic;
				COMBINE_HIDPI_IMAGES = YES;
				CURRENT_PROJECT_VERSION = 1;
				DEAD_CODE_STRIPPING = YES;
				DEVELOPMENT_TEAM = 4PDB3TQD2G;
				INFOPLIST_FILE = "ResortBrowser/macOS-Info.plist";
				LD_RUNPATH_SEARCH_PATHS = (
					"$(inherited)",
					"@executable_path/../Frameworks",
				);
				MACOSX_DEPLOYMENT_TARGET = 13.0;
				MARKETING_VERSION = 1.0;
				PRODUCT_BUNDLE_IDENTIFIER = com.jamesbaker.ResortBrowserMac;
				SDKROOT = macosx;
				SWIFT_VERSION = 5.0;
			};
			name = Debug;
		};
		71F558D5ADC32CBE54D43E06 /* Debug */ = {
			isa = XCBuildConfiguration;
			buildSettings = {
				ASSETCATALOG_COMPILER_APPICON_NAME = AppIcon;
				CODE_SIGN_IDENTITY = "iPhone Developer";
				CODE_SIGN_STYLE = Automatic;
				CURRENT_PROJECT_VERSION = 1;
				DEVELOPMENT_TEAM = G3P9A8Z2NP;
				INFOPLIST_FILE = ResortBrowser/Info.plist;
				INFOPLIST_KEY_CFBundleDisplayName = "Resort Browser";
				IPHONEOS_DEPLOYMENT_TARGET = 15.0;
				LD_RUNPATH_SEARCH_PATHS = (
					"$(inherited)",
					"@executable_path/Frameworks",
				);
				MARKETING_VERSION = 2.2;
				PRODUCT_BUNDLE_IDENTIFIER = com.globalvibes.ResortBrowser;
				SDKROOT = iphoneos;
				SWIFT_VERSION = 5.0;
				TARGETED_DEVICE_FAMILY = "1,2";
			};
			name = Debug;
		};
		7B6FE5781391B621598AFCF9 /* Debug */ = {
			isa = XCBuildConfiguration;
			buildSettings = {
				ALWAYS_SEARCH_USER_PATHS = NO;
				ASSETCATALOG_COMPILER_GENERATE_SWIFT_ASSET_SYMBOL_EXTENSIONS = YES;
				CLANG_ANALYZER_NONNULL = YES;
				CLANG_ANALYZER_NUMBER_OBJECT_CONVERSION = YES_AGGRESSIVE;
				CLANG_CXX_LANGUAGE_STANDARD = "gnu++14";
				CLANG_CXX_LIBRARY = "libc++";
				CLANG_ENABLE_MODULES = YES;
				CLANG_ENABLE_OBJC_ARC = YES;
				CLANG_ENABLE_OBJC_WEAK = YES;
				CLANG_WARN_BLOCK_CAPTURE_AUTORELEASING = YES;
				CLANG_WARN_BOOL_CONVERSION = YES;
				CLANG_WARN_COMMA = YES;
				CLANG_WARN_CONSTANT_CONVERSION = YES;
				CLANG_WARN_DEPRECATED_OBJC_IMPLEMENTATIONS = YES;
				CLANG_WARN_DIRECT_OBJC_ISA_USAGE = YES_ERROR;
				CLANG_WARN_DOCUMENTATION_COMMENTS = YES;
				CLANG_WARN_EMPTY_BODY = YES;
				CLANG_WARN_ENUM_CONVERSION = YES;
				CLANG_WARN_INFINITE_RECURSION = YES;
				CLANG_WARN_INT_CONVERSION = YES;
				CLANG_WARN_NON_LITERAL_NULL_CONVERSION = YES;
				CLANG_WARN_OBJC_IMPLICIT_RETAIN_SELF = YES;
				CLANG_WARN_OBJC_LITERAL_CONVERSION = YES;
				CLANG_WARN_OBJC_ROOT_CLASS = YES_ERROR;
				CLANG_WARN_QUOTED_INCLUDE_IN_FRAMEWORK_HEADER = YES;
				CLANG_WARN_RANGE_LOOP_ANALYSIS = YES;
				CLANG_WARN_STRICT_PROTOTYPES = YES;
				CLANG_WARN_SUSPICIOUS_MOVE = YES;
				CLANG_WARN_UNGUARDED_AVAILABILITY = YES_AGGRESSIVE;
				CLANG_WARN_UNREACHABLE_CODE = YES;
				CLANG_WARN__DUPLICATE_METHOD_MATCH = YES;
				COPY_PHASE_STRIP = NO;
				DEAD_CODE_STRIPPING = YES;
				DEBUG_INFORMATION_FORMAT = dwarf;
				ENABLE_STRICT_OBJC_MSGSEND = YES;
				ENABLE_TESTABILITY = YES;
				ENABLE_USER_SCRIPT_SANDBOXING = YES;
				GCC_C_LANGUAGE_STANDARD = gnu11;
				GCC_DYNAMIC_NO_PIC = NO;
				GCC_NO_COMMON_BLOCKS = YES;
				GCC_OPTIMIZATION_LEVEL = 0;
				GCC_PREPROCESSOR_DEFINITIONS = (
					"$(inherited)",
					"DEBUG=1",
				);
				GCC_WARN_64_TO_32_BIT_CONVERSION = YES;
				GCC_WARN_ABOUT_RETURN_TYPE = YES_ERROR;
				GCC_WARN_UNDECLARED_SELECTOR = YES;
				GCC_WARN_UNINITIALIZED_AUTOS = YES_AGGRESSIVE;
				GCC_WARN_UNUSED_FUNCTION = YES;
				GCC_WARN_UNUSED_VARIABLE = YES;
				IPHONEOS_DEPLOYMENT_TARGET = 15.0;
				MTL_ENABLE_DEBUG_INFO = INCLUDE_SOURCE;
				MTL_FAST_MATH = YES;
				ONLY_ACTIVE_ARCH = YES;
				PRODUCT_NAME = "$(TARGET_NAME)";
				STRING_CATALOG_GENERATE_SYMBOLS = YES;
				SWIFT_ACTIVE_COMPILATION_CONDITIONS = DEBUG;
				SWIFT_OPTIMIZATION_LEVEL = "-Onone";
				SWIFT_VERSION = 5.0;
			};
			name = Debug;
		};
		DACFE20FF23184E402C20314 /* Release */ = {
			isa = XCBuildConfiguration;
			buildSettings = {
				ASSETCATALOG_COMPILER_APPICON_NAME = AppIcon;
				CODE_SIGN_IDENTITY = "iPhone Developer";
				CODE_SIGN_STYLE = Automatic;
				CURRENT_PROJECT_VERSION = 1;
				DEVELOPMENT_TEAM = G3P9A8Z2NP;
				INFOPLIST_FILE = ResortBrowser/Info.plist;
				INFOPLIST_KEY_CFBundleDisplayName = "Resort Browser";
				IPHONEOS_DEPLOYMENT_TARGET = 15.0;
				LD_RUNPATH_SEARCH_PATHS = (
					"$(inherited)",
					"@executable_path/Frameworks",
				);
				MARKETING_VERSION = 2.2;
				PRODUCT_BUNDLE_IDENTIFIER = com.globalvibes.ResortBrowser;
				SDKROOT = iphoneos;
				SWIFT_VERSION = 5.0;
				TARGETED_DEVICE_FAMILY = "1,2";
			};
			name = Release;
		};
		EE6602495ACD3E7E007A29F8 /* Release */ = {
			isa = XCBuildConfiguration;
			buildSettings = {
				ALWAYS_SEARCH_USER_PATHS = NO;
				ASSETCATALOG_COMPILER_GENERATE_SWIFT_ASSET_SYMBOL_EXTENSIONS = YES;
				CLANG_ANALYZER_NONNULL = YES;
				CLANG_ANALYZER_NUMBER_OBJECT_CONVERSION = YES_AGGRESSIVE;
				CLANG_CXX_LANGUAGE_STANDARD = "gnu++14";
				CLANG_CXX_LIBRARY = "libc++";
				CLANG_ENABLE_MODULES = YES;
				CLANG_ENABLE_OBJC_ARC = YES;
				CLANG_ENABLE_OBJC_WEAK = YES;
				CLANG_WARN_BLOCK_CAPTURE_AUTORELEASING = YES;
				CLANG_WARN_BOOL_CONVERSION = YES;
				CLANG_WARN_COMMA = YES;
				CLANG_WARN_CONSTANT_CONVERSION = YES;
				CLANG_WARN_DEPRECATED_OBJC_IMPLEMENTATIONS = YES;
				CLANG_WARN_DIRECT_OBJC_ISA_USAGE = YES_ERROR;
				CLANG_WARN_DOCUMENTATION_COMMENTS = YES;
				CLANG_WARN_EMPTY_BODY = YES;
				CLANG_WARN_ENUM_CONVERSION = YES;
				CLANG_WARN_INFINITE_RECURSION = YES;
				CLANG_WARN_INT_CONVERSION = YES;
				CLANG_WARN_NON_LITERAL_NULL_CONVERSION = YES;
				CLANG_WARN_OBJC_IMPLICIT_RETAIN_SELF = YES;
				CLANG_WARN_OBJC_LITERAL_CONVERSION = YES;
				CLANG_WARN_OBJC_ROOT_CLASS = YES_ERROR;
				CLANG_WARN_QUOTED_INCLUDE_IN_FRAMEWORK_HEADER = YES;
				CLANG_WARN_RANGE_LOOP_ANALYSIS = YES;
				CLANG_WARN_STRICT_PROTOTYPES = YES;
				CLANG_WARN_SUSPICIOUS_MOVE = YES;
				CLANG_WARN_UNGUARDED_AVAILABILITY = YES_AGGRESSIVE;
				CLANG_WARN_UNREACHABLE_CODE = YES;
				CLANG_WARN__DUPLICATE_METHOD_MATCH = YES;
				COPY_PHASE_STRIP = NO;
				DEAD_CODE_STRIPPING = YES;
				DEBUG_INFORMATION_FORMAT = "dwarf-with-dsym";
				ENABLE_NS_ASSERTIONS = NO;
				ENABLE_STRICT_OBJC_MSGSEND = YES;
				ENABLE_USER_SCRIPT_SANDBOXING = YES;
				GCC_C_LANGUAGE_STANDARD = gnu11;
				GCC_NO_COMMON_BLOCKS = YES;
				GCC_WARN_64_TO_32_BIT_CONVERSION = YES;
				GCC_WARN_ABOUT_RETURN_TYPE = YES_ERROR;
				GCC_WARN_UNDECLARED_SELECTOR = YES;
				GCC_WARN_UNINITIALIZED_AUTOS = YES_AGGRESSIVE;
				GCC_WARN_UNUSED_FUNCTION = YES;
				GCC_WARN_UNUSED_VARIABLE = YES;
				IPHONEOS_DEPLOYMENT_TARGET = 15.0;
				MTL_ENABLE_DEBUG_INFO = NO;
				MTL_FAST_MATH = YES;
				PRODUCT_NAME = "$(TARGET_NAME)";
				STRING_CATALOG_GENERATE_SYMBOLS = YES;
				SWIFT_COMPILATION_MODE = wholemodule;
				SWIFT_OPTIMIZATION_LEVEL = "-O";
				SWIFT_VERSION = 5.0;
			};
			name = Release;
		};
/* End XCBuildConfiguration section */

/* Begin XCConfigurationList section */
		15BC28A506EA1226F73C9657 /* Build configuration list for PBXNativeTarget "ResortBrowser" */ = {
			isa = XCConfigurationList;
			buildConfigurations = (
				71F558D5ADC32CBE54D43E06 /* Debug */,
				DACFE20FF23184E402C20314 /* Release */,
			);
			defaultConfigurationIsVisible = 0;
			defaultConfigurationName = Debug;
		};
		199FC5B2EB3D1C4F562A2434 /* Build configuration list for PBXNativeTarget "ResortBrowserMac" */ = {
			isa = XCConfigurationList;
			buildConfigurations = (
				67BE518097A885025A0D50E1 /* Debug */,
				2BD6AC971E23820C32E90911 /* Release */,
			);
			defaultConfigurationIsVisible = 0;
			defaultConfigurationName = Debug;
		};
		F644472943DAD01C76EE85F1 /* Build configuration list for PBXProject "ResortBrowser" */ = {
			isa = XCConfigurationList;
			buildConfigurations = (
				7B6FE5781391B621598AFCF9 /* Debug */,
				EE6602495ACD3E7E007A29F8 /* Release */,
			);
			defaultConfigurationIsVisible = 0;
			defaultConfigurationName = Debug;
		};
/* End XCConfigurationList section */

/* Begin XCRemoteSwiftPackageReference section */
		3A24F24A6D792758B17EE3D8 /* XCRemoteSwiftPackageReference "firebase-ios-sdk" */ = {
			isa = XCRemoteSwiftPackageReference;
			repositoryURL = "https://github.com/firebase/firebase-ios-sdk";
			requirement = {
				kind = upToNextMajorVersion;
				minimumVersion = 10.0.0;
			};
		};
/* End XCRemoteSwiftPackageReference section */

/* Begin XCSwiftPackageProductDependency section */
		3213001D823344B0B72F5660 /* FirebaseDatabase */ = {
			isa = XCSwiftPackageProductDependency;
			package = 3A24F24A6D792758B17EE3D8 /* XCRemoteSwiftPackageReference "firebase-ios-sdk" */;
			productName = FirebaseDatabase;
		};
		32DF541CEB0CD5E42700F2D2 /* FirebaseAnalytics */ = {
			isa = XCSwiftPackageProductDependency;
			package = 3A24F24A6D792758B17EE3D8 /* XCRemoteSwiftPackageReference "firebase-ios-sdk" */;
			productName = FirebaseAnalytics;
		};
		745A00443D186607596BDFCB /* FirebaseDatabase */ = {
			isa = XCSwiftPackageProductDependency;
			package = 3A24F24A6D792758B17EE3D8 /* XCRemoteSwiftPackageReference "firebase-ios-sdk" */;
			productName = FirebaseDatabase;
		};
		87F3743F491F2A9EC88FD4A9 /* FirebaseFirestore */ = {
			isa = XCSwiftPackageProductDependency;
			package = 3A24F24A6D792758B17EE3D8 /* XCRemoteSwiftPackageReference "firebase-ios-sdk" */;
			productName = FirebaseFirestore;
		};
		B60B9551B4DE8628D302FAD1 /* FirebaseFirestoreSwift */ = {
			isa = XCSwiftPackageProductDependency;
			package = 3A24F24A6D792758B17EE3D8 /* XCRemoteSwiftPackageReference "firebase-ios-sdk" */;
			productName = FirebaseFirestoreSwift;
		};
		C731F51270DEC7AF1688DD21 /* FirebaseFirestore */ = {
			isa = XCSwiftPackageProductDependency;
			package = 3A24F24A6D792758B17EE3D8 /* XCRemoteSwiftPackageReference "firebase-ios-sdk" */;
			productName = FirebaseFirestore;
		};
		E498B2E82B02AB6C5E43F247 /* FirebaseFirestoreSwift */ = {
			isa = XCSwiftPackageProductDependency;
			package = 3A24F24A6D792758B17EE3D8 /* XCRemoteSwiftPackageReference "firebase-ios-sdk" */;
			productName = FirebaseFirestoreSwift;
		};
/* End XCSwiftPackageProductDependency section */
	};
	rootObject = 23D347512D856C098585C3C8 /* Project object */;
}
